
Microsoft Visual Studio Solution File, Format Version 12.00
# Visual Studio Version 17
VisualStudioVersion = 17.2.32630.192
MinimumVisualStudioVersion = 10.0.40219.1
Project("{FAE04EC0-301F-11D3-BF4B-00C04F79EFBC}") = "ObjectPoolExample", "ObjectPoolExample\ObjectPoolExample.csproj", "{DB41CBE7-0CFA-45B5-BB99-5259B85CF722}"
EndProject
Global
	GlobalSection(SolutionConfigurationPlatforms) = preSolution
		Debug|Any CPU = Debug|Any CPU
		Release|Any CPU = Release|Any CPU
	EndGlobalSection
	GlobalSection(ProjectConfigurationPlatforms) = postSolution
		{DB41CBE7-0CFA-45B5-BB99-5259B85CF722}.Debug|Any CPU.ActiveCfg = Debug|Any CPU
		{DB41CBE7-0CFA-45B5-BB99-5259B85CF722}.Debug|Any CPU.Build.0 = Debug|Any CPU
		{DB41CBE7-0CFA-45B5-BB99-5259B85CF722}.Release|Any CPU.ActiveCfg = Release|Any CPU
		{DB41CBE7-0CFA-45B5-BB99-5259B85CF722}.Release|Any CPU.Build.0 = Release|Any CPU
	EndGlobalSection
	GlobalSection(SolutionProperties) = preSolution
		HideSolutionNode = FALSE
	EndGlobalSection
	GlobalSection(ExtensibilityGlobals) = postSolution
		SolutionGuid = {C7A2C4D9-5507-4E2F-989A-61790E790726}
	EndGlobalSection
EndGlobal
